
Microsoft Visual Studio Solution File, Format Version 12.00
# Visual Studio Version 17
VisualStudioVersion = 17.10.35027.167
MinimumVisualStudioVersion = 10.0.40219.1
Project("{FAE04EC0-301F-11D3-BF4B-00C04F79EFBC}") = "Agendly", "Agendly\Agendly.csproj", "{645831BE-8A64-4DA7-85C3-A5FB1B2EF207}"
EndProject
Project("{FAE04EC0-301F-11D3-BF4B-00C04F79EFBC}") = "Models", "Models\Models.csproj", "{3272E425-89F1-4CD4-8A6C-BE0E8C61C095}"
EndProject
Project("{FAE04EC0-301F-11D3-BF4B-00C04F79EFBC}") = "DataAccess", "DataAccess\DataAccess.csproj", "{D8D8BEFB-DA82-46B1-8F70-AF415A184F6C}"
EndProject
Project("{FAE04EC0-301F-11D3-BF4B-00C04F79EFBC}") = "Utility", "Utility\Utility.csproj", "{D2D7F54D-5A19-4767-8869-A6D66CECD0A3}"
EndProject
Global
	GlobalSection(SolutionConfigurationPlatforms) = preSolution
		Debug|Any CPU = Debug|Any CPU
		Release|Any CPU = Release|Any CPU
	EndGlobalSection
	GlobalSection(ProjectConfigurationPlatforms) = postSolution
		{645831BE-8A64-4DA7-85C3-A5FB1B2EF207}.Debug|Any CPU.ActiveCfg = Debug|Any CPU
		{645831BE-8A64-4DA7-85C3-A5FB1B2EF207}.Debug|Any CPU.Build.0 = Debug|Any CPU
		{645831BE-8A64-4DA7-85C3-A5FB1B2EF207}.Release|Any CPU.ActiveCfg = Release|Any CPU
		{645831BE-8A64-4DA7-85C3-A5FB1B2EF207}.Release|Any CPU.Build.0 = Release|Any CPU
		{3272E425-89F1-4CD4-8A6C-BE0E8C61C095}.Debug|Any CPU.ActiveCfg = Debug|Any CPU
		{3272E425-89F1-4CD4-8A6C-BE0E8C61C095}.Debug|Any CPU.Build.0 = Debug|Any CPU
		{3272E425-89F1-4CD4-8A6C-BE0E8C61C095}.Release|Any CPU.ActiveCfg = Release|Any CPU
		{3272E425-89F1-4CD4-8A6C-BE0E8C61C095}.Release|Any CPU.Build.0 = Release|Any CPU
		{D8D8BEFB-DA82-46B1-8F70-AF415A184F6C}.Debug|Any CPU.ActiveCfg = Debug|Any CPU
		{D8D8BEFB-DA82-46B1-8F70-AF415A184F6C}.Debug|Any CPU.Build.0 = Debug|Any CPU
		{D8D8BEFB-DA82-46B1-8F70-AF415A184F6C}.Release|Any CPU.ActiveCfg = Release|Any CPU
		{D8D8BEFB-DA82-46B1-8F70-AF415A184F6C}.Release|Any CPU.Build.0 = Release|Any CPU
		{D2D7F54D-5A19-4767-8869-A6D66CECD0A3}.Debug|Any CPU.ActiveCfg = Debug|Any CPU
		{D2D7F54D-5A19-4767-8869-A6D66CECD0A3}.Debug|Any CPU.Build.0 = Debug|Any CPU
		{D2D7F54D-5A19-4767-8869-A6D66CECD0A3}.Release|Any CPU.ActiveCfg = Release|Any CPU
		{D2D7F54D-5A19-4767-8869-A6D66CECD0A3}.Release|Any CPU.Build.0 = Release|Any CPU
	EndGlobalSection
	GlobalSection(SolutionProperties) = preSolution
		HideSolutionNode = FALSE
	EndGlobalSection
	GlobalSection(ExtensibilityGlobals) = postSolution
		SolutionGuid = {C4627763-C3AC-4651-ABC5-C40EA93F7DBC}
	EndGlobalSection
EndGlobal
