
Microsoft Visual Studio Solution File, Format Version 12.00
# Visual Studio Version 17
VisualStudioVersion = 17.10.35027.167
MinimumVisualStudioVersion = 10.0.40219.1
Project("{FAE04EC0-301F-11D3-BF4B-00C04F79EFBC}") = "Agendly", "Agendly\Agendly.csproj", "{645831BE-8A64-4DA7-85C3-A5FB1B2EF207}"
EndProject
Global
	GlobalSection(SolutionConfigurationPlatforms) = preSolution
		Debug|Any CPU = Debug|Any CPU
		Release|Any CPU = Release|Any CPU
	EndGlobalSection
	GlobalSection(ProjectConfigurationPlatforms) = postSolution
		{645831BE-8A64-4DA7-85C3-A5FB1B2EF207}.Debug|Any CPU.ActiveCfg = Debug|Any CPU
		{645831BE-8A64-4DA7-85C3-A5FB1B2EF207}.Debug|Any CPU.Build.0 = Debug|Any CPU
		{645831BE-8A64-4DA7-85C3-A5FB1B2EF207}.Release|Any CPU.ActiveCfg = Release|Any CPU
		{645831BE-8A64-4DA7-85C3-A5FB1B2EF207}.Release|Any CPU.Build.0 = Release|Any CPU
	EndGlobalSection
	GlobalSection(SolutionProperties) = preSolution
		HideSolutionNode = FALSE
	EndGlobalSection
	GlobalSection(ExtensibilityGlobals) = postSolution
		SolutionGuid = {C4627763-C3AC-4651-ABC5-C40EA93F7DBC}
	EndGlobalSection
EndGlobal
